
Microsoft Visual Studio Solution File, Format Version 12.00
# Visual Studio 15
VisualStudioVersion = 15.0.27130.2027
MinimumVisualStudioVersion = 10.0.40219.1
Project("{8BC9CEB8-8B4A-11D0-8D11-00A0C91BC942}") = "고고학탐사_YSL", "고고학탐사\고고학탐사.vcxproj", "{BE970267-230A-45DC-AE1B-584B83729034}"
EndProject
Project("{8BC9CEB8-8B4A-11D0-8D11-00A0C91BC942}") = "패턴찾기 1", "패턴찾기 1\패턴찾기 1.vcxproj", "{41C38824-048E-42A5-B9BD-0F406D80C4CE}"
EndProject
Project("{8BC9CEB8-8B4A-11D0-8D11-00A0C91BC942}") = "BFS_DFS", "BFS_DFS\BFS_DFS.vcxproj", "{5C8793F7-852E-4600-8717-A56965722A13}"
EndProject
Project("{8BC9CEB8-8B4A-11D0-8D11-00A0C91BC942}") = "ID 검사_YSL", "표절검사_YSL2\표절검사_YSL2.vcxproj", "{1BB02051-E357-4551-9755-CFF0F5AA57B2}"
EndProject
Project("{8BC9CEB8-8B4A-11D0-8D11-00A0C91BC942}") = "키로거(Keylogger)", "키로거(Keylogger)\키로거(Keylogger).vcxproj", "{31C4AD05-26E5-4432-9339-827EFE2B9EBE}"
EndProject
Project("{8BC9CEB8-8B4A-11D0-8D11-00A0C91BC942}") = "Problem A_저글링 방사능 오염", "Problem A_저글링 방사능 오염\Problem A_저글링 방사능 오염.vcxproj", "{75BC57A7-9180-4DCC-A52F-AFC5A5732AB3}"
EndProject
Project("{8BC9CEB8-8B4A-11D0-8D11-00A0C91BC942}") = "배열에서 이동", "배열에서 이동\배열에서 이동.vcxproj", "{FF1FB30C-E368-46CB-BDB6-0BBDEF41F598}"
EndProject
Project("{8BC9CEB8-8B4A-11D0-8D11-00A0C91BC942}") = "DSLR", "DSLR\DSLR.vcxproj", "{EDB68B0E-4ED1-4E4F-9937-15E96F978A8A}"
EndProject
Project("{8BC9CEB8-8B4A-11D0-8D11-00A0C91BC942}") = "백준_설품솔", "백준_5주차\백준_5주차.vcxproj", "{79D5C660-9FE8-48E8-89DD-73DFF049EFBD}"
EndProject
Project("{8BC9CEB8-8B4A-11D0-8D11-00A0C91BC942}") = "PRO_ONLINE", "PRO_ONLINE\PRO_ONLINE.vcxproj", "{1F123F2E-0E8B-48F1-ADE5-7AC7479A8571}"
EndProject
Global
	GlobalSection(SolutionConfigurationPlatforms) = preSolution
		Debug|x64 = Debug|x64
		Debug|x86 = Debug|x86
		Release|x64 = Release|x64
		Release|x86 = Release|x86
	EndGlobalSection
	GlobalSection(ProjectConfigurationPlatforms) = postSolution
		{BE970267-230A-45DC-AE1B-584B83729034}.Debug|x64.ActiveCfg = Debug|x64
		{BE970267-230A-45DC-AE1B-584B83729034}.Debug|x64.Build.0 = Debug|x64
		{BE970267-230A-45DC-AE1B-584B83729034}.Debug|x86.ActiveCfg = Debug|Win32
		{BE970267-230A-45DC-AE1B-584B83729034}.Debug|x86.Build.0 = Debug|Win32
		{BE970267-230A-45DC-AE1B-584B83729034}.Release|x64.ActiveCfg = Release|x64
		{BE970267-230A-45DC-AE1B-584B83729034}.Release|x64.Build.0 = Release|x64
		{BE970267-230A-45DC-AE1B-584B83729034}.Release|x86.ActiveCfg = Release|Win32
		{BE970267-230A-45DC-AE1B-584B83729034}.Release|x86.Build.0 = Release|Win32
		{41C38824-048E-42A5-B9BD-0F406D80C4CE}.Debug|x64.ActiveCfg = Debug|x64
		{41C38824-048E-42A5-B9BD-0F406D80C4CE}.Debug|x64.Build.0 = Debug|x64
		{41C38824-048E-42A5-B9BD-0F406D80C4CE}.Debug|x86.ActiveCfg = Debug|Win32
		{41C38824-048E-42A5-B9BD-0F406D80C4CE}.Debug|x86.Build.0 = Debug|Win32
		{41C38824-048E-42A5-B9BD-0F406D80C4CE}.Release|x64.ActiveCfg = Release|x64
		{41C38824-048E-42A5-B9BD-0F406D80C4CE}.Release|x64.Build.0 = Release|x64
		{41C38824-048E-42A5-B9BD-0F406D80C4CE}.Release|x86.ActiveCfg = Release|Win32
		{41C38824-048E-42A5-B9BD-0F406D80C4CE}.Release|x86.Build.0 = Release|Win32
		{5C8793F7-852E-4600-8717-A56965722A13}.Debug|x64.ActiveCfg = Debug|x64
		{5C8793F7-852E-4600-8717-A56965722A13}.Debug|x64.Build.0 = Debug|x64
		{5C8793F7-852E-4600-8717-A56965722A13}.Debug|x86.ActiveCfg = Debug|Win32
		{5C8793F7-852E-4600-8717-A56965722A13}.Debug|x86.Build.0 = Debug|Win32
		{5C8793F7-852E-4600-8717-A56965722A13}.Release|x64.ActiveCfg = Release|x64
		{5C8793F7-852E-4600-8717-A56965722A13}.Release|x64.Build.0 = Release|x64
		{5C8793F7-852E-4600-8717-A56965722A13}.Release|x86.ActiveCfg = Release|Win32
		{5C8793F7-852E-4600-8717-A56965722A13}.Release|x86.Build.0 = Release|Win32
		{1BB02051-E357-4551-9755-CFF0F5AA57B2}.Debug|x64.ActiveCfg = Debug|x64
		{1BB02051-E357-4551-9755-CFF0F5AA57B2}.Debug|x64.Build.0 = Debug|x64
		{1BB02051-E357-4551-9755-CFF0F5AA57B2}.Debug|x86.ActiveCfg = Debug|Win32
		{1BB02051-E357-4551-9755-CFF0F5AA57B2}.Debug|x86.Build.0 = Debug|Win32
		{1BB02051-E357-4551-9755-CFF0F5AA57B2}.Release|x64.ActiveCfg = Release|x64
		{1BB02051-E357-4551-9755-CFF0F5AA57B2}.Release|x64.Build.0 = Release|x64
		{1BB02051-E357-4551-9755-CFF0F5AA57B2}.Release|x86.ActiveCfg = Release|Win32
		{1BB02051-E357-4551-9755-CFF0F5AA57B2}.Release|x86.Build.0 = Release|Win32
		{31C4AD05-26E5-4432-9339-827EFE2B9EBE}.Debug|x64.ActiveCfg = Debug|x64
		{31C4AD05-26E5-4432-9339-827EFE2B9EBE}.Debug|x64.Build.0 = Debug|x64
		{31C4AD05-26E5-4432-9339-827EFE2B9EBE}.Debug|x86.ActiveCfg = Debug|Win32
		{31C4AD05-26E5-4432-9339-827EFE2B9EBE}.Debug|x86.Build.0 = Debug|Win32
		{31C4AD05-26E5-4432-9339-827EFE2B9EBE}.Release|x64.ActiveCfg = Release|x64
		{31C4AD05-26E5-4432-9339-827EFE2B9EBE}.Release|x64.Build.0 = Release|x64
		{31C4AD05-26E5-4432-9339-827EFE2B9EBE}.Release|x86.ActiveCfg = Release|Win32
		{31C4AD05-26E5-4432-9339-827EFE2B9EBE}.Release|x86.Build.0 = Release|Win32
		{75BC57A7-9180-4DCC-A52F-AFC5A5732AB3}.Debug|x64.ActiveCfg = Debug|x64
		{75BC57A7-9180-4DCC-A52F-AFC5A5732AB3}.Debug|x64.Build.0 = Debug|x64
		{75BC57A7-9180-4DCC-A52F-AFC5A5732AB3}.Debug|x86.ActiveCfg = Debug|Win32
		{75BC57A7-9180-4DCC-A52F-AFC5A5732AB3}.Debug|x86.Build.0 = Debug|Win32
		{75BC57A7-9180-4DCC-A52F-AFC5A5732AB3}.Release|x64.ActiveCfg = Release|x64
		{75BC57A7-9180-4DCC-A52F-AFC5A5732AB3}.Release|x64.Build.0 = Release|x64
		{75BC57A7-9180-4DCC-A52F-AFC5A5732AB3}.Release|x86.ActiveCfg = Release|Win32
		{75BC57A7-9180-4DCC-A52F-AFC5A5732AB3}.Release|x86.Build.0 = Release|Win32
		{FF1FB30C-E368-46CB-BDB6-0BBDEF41F598}.Debug|x64.ActiveCfg = Debug|x64
		{FF1FB30C-E368-46CB-BDB6-0BBDEF41F598}.Debug|x64.Build.0 = Debug|x64
		{FF1FB30C-E368-46CB-BDB6-0BBDEF41F598}.Debug|x86.ActiveCfg = Debug|Win32
		{FF1FB30C-E368-46CB-BDB6-0BBDEF41F598}.Debug|x86.Build.0 = Debug|Win32
		{FF1FB30C-E368-46CB-BDB6-0BBDEF41F598}.Release|x64.ActiveCfg = Release|x64
		{FF1FB30C-E368-46CB-BDB6-0BBDEF41F598}.Release|x64.Build.0 = Release|x64
		{FF1FB30C-E368-46CB-BDB6-0BBDEF41F598}.Release|x86.ActiveCfg = Release|Win32
		{FF1FB30C-E368-46CB-BDB6-0BBDEF41F598}.Release|x86.Build.0 = Release|Win32
		{EDB68B0E-4ED1-4E4F-9937-15E96F978A8A}.Debug|x64.ActiveCfg = Debug|x64
		{EDB68B0E-4ED1-4E4F-9937-15E96F978A8A}.Debug|x64.Build.0 = Debug|x64
		{EDB68B0E-4ED1-4E4F-9937-15E96F978A8A}.Debug|x86.ActiveCfg = Debug|Win32
		{EDB68B0E-4ED1-4E4F-9937-15E96F978A8A}.Debug|x86.Build.0 = Debug|Win32
		{EDB68B0E-4ED1-4E4F-9937-15E96F978A8A}.Release|x64.ActiveCfg = Release|x64
		{EDB68B0E-4ED1-4E4F-9937-15E96F978A8A}.Release|x64.Build.0 = Release|x64
		{EDB68B0E-4ED1-4E4F-9937-15E96F978A8A}.Release|x86.ActiveCfg = Release|Win32
		{EDB68B0E-4ED1-4E4F-9937-15E96F978A8A}.Release|x86.Build.0 = Release|Win32
		{79D5C660-9FE8-48E8-89DD-73DFF049EFBD}.Debug|x64.ActiveCfg = Debug|x64
		{79D5C660-9FE8-48E8-89DD-73DFF049EFBD}.Debug|x64.Build.0 = Debug|x64
		{79D5C660-9FE8-48E8-89DD-73DFF049EFBD}.Debug|x86.ActiveCfg = Debug|Win32
		{79D5C660-9FE8-48E8-89DD-73DFF049EFBD}.Debug|x86.Build.0 = Debug|Win32
		{79D5C660-9FE8-48E8-89DD-73DFF049EFBD}.Release|x64.ActiveCfg = Release|x64
		{79D5C660-9FE8-48E8-89DD-73DFF049EFBD}.Release|x64.Build.0 = Release|x64
		{79D5C660-9FE8-48E8-89DD-73DFF049EFBD}.Release|x86.ActiveCfg = Release|Win32
		{79D5C660-9FE8-48E8-89DD-73DFF049EFBD}.Release|x86.Build.0 = Release|Win32
		{1F123F2E-0E8B-48F1-ADE5-7AC7479A8571}.Debug|x64.ActiveCfg = Debug|x64
		{1F123F2E-0E8B-48F1-ADE5-7AC7479A8571}.Debug|x64.Build.0 = Debug|x64
		{1F123F2E-0E8B-48F1-ADE5-7AC7479A8571}.Debug|x86.ActiveCfg = Debug|Win32
		{1F123F2E-0E8B-48F1-ADE5-7AC7479A8571}.Debug|x86.Build.0 = Debug|Win32
		{1F123F2E-0E8B-48F1-ADE5-7AC7479A8571}.Release|x64.ActiveCfg = Release|x64
		{1F123F2E-0E8B-48F1-ADE5-7AC7479A8571}.Release|x64.Build.0 = Release|x64
		{1F123F2E-0E8B-48F1-ADE5-7AC7479A8571}.Release|x86.ActiveCfg = Release|Win32
		{1F123F2E-0E8B-48F1-ADE5-7AC7479A8571}.Release|x86.Build.0 = Release|Win32
	EndGlobalSection
	GlobalSection(SolutionProperties) = preSolution
		HideSolutionNode = FALSE
	EndGlobalSection
	GlobalSection(ExtensibilityGlobals) = postSolution
		SolutionGuid = {DCE6B95C-31A2-4AC7-8F6A-74EA1867AD7A}
	EndGlobalSection
EndGlobal
