<?xml version="1.0" encoding="utf-8"?>
<Project ToolsVersion="4.0" xmlns="http://schemas.microsoft.com/developer/msbuild/2003">
  <ItemGroup>
    <Filter Include="소스 파일">
      <UniqueIdentifier>{4FC737F1-C7A5-4376-A066-2A32D752A2FF}</UniqueIdentifier>
      <Extensions>cpp;c;cc;cxx;def;odl;idl;hpj;bat;asm;asmx</Extensions>
    </Filter>
    <Filter Include="헤더 파일">
      <UniqueIdentifier>{93995380-89BD-4b04-88EB-625FBE52EBFB}</UniqueIdentifier>
      <Extensions>h;hh;hpp;hxx;hm;inl;inc;xsd</Extensions>
    </Filter>
    <Filter Include="리소스 파일">
      <UniqueIdentifier>{67DA6AB6-F800-4c08-8B7A-83BB121AAD01}</UniqueIdentifier>
      <Extensions>rc;ico;cur;bmp;dlg;rc2;rct;bin;rgs;gif;jpg;jpeg;jpe;resx;tiff;tif;png;wav;mfcribbon-ms</Extensions>
    </Filter>
    <Filter Include="소스 파일\Hash">
      <UniqueIdentifier>{b176416b-ffa8-41c0-8bce-4d65af50ccd4}</UniqueIdentifier>
    </Filter>
    <Filter Include="소스 파일\Heap">
      <UniqueIdentifier>{4ae54086-9fc3-4bb2-8216-7d61f023078d}</UniqueIdentifier>
    </Filter>
    <Filter Include="소스 파일\연결리스트">
      <UniqueIdentifier>{221c7071-f0ce-4e06-8494-8a590b370a63}</UniqueIdentifier>
    </Filter>
    <Filter Include="소스 파일\Hash\드래곤볼">
      <UniqueIdentifier>{d024ff1d-7e98-4e72-9613-fd8225000e4a}</UniqueIdentifier>
    </Filter>
    <Filter Include="소스 파일\기출문제">
      <UniqueIdentifier>{4c021416-5645-4e0f-8a55-873097d7644b}</UniqueIdentifier>
    </Filter>
    <Filter Include="소스 파일\기출문제\스스디">
      <UniqueIdentifier>{5ba4e5ea-2302-4319-82ae-bd28d7932bb6}</UniqueIdentifier>
    </Filter>
    <Filter Include="소스 파일\기출문제\시설 찾기">
      <UniqueIdentifier>{2f5acd74-3ec6-4f99-8863-b6482a1b57ac}</UniqueIdentifier>
    </Filter>
    <Filter Include="소스 파일\기출문제\도서관정리_H2106">
      <UniqueIdentifier>{9cf1b8fc-82bd-4d35-bf18-2da5d37be70f}</UniqueIdentifier>
    </Filter>
    <Filter Include="소스 파일\기출문제\와일드카드_H2102">
      <UniqueIdentifier>{a758fd5f-2984-4895-bf33-ff6e5888aa25}</UniqueIdentifier>
    </Filter>
    <Filter Include="소스 파일\기출문제\조각맞추기게임_H2116">
      <UniqueIdentifier>{122f5058-a4bd-4094-9eea-461b7e646721}</UniqueIdentifier>
    </Filter>
    <Filter Include="소스 파일\기출문제\출석체크_H2119">
      <UniqueIdentifier>{6fa9b631-1d38-44f5-a95a-d355a0ff22c9}</UniqueIdentifier>
    </Filter>
    <Filter Include="소스 파일\인텐시브">
      <UniqueIdentifier>{36fa71e0-9d72-41aa-9cb5-e4b6716d0467}</UniqueIdentifier>
    </Filter>
    <Filter Include="소스 파일\인텐시브\1일차">
      <UniqueIdentifier>{2abf0dba-f9f3-42c9-9e3b-8d9575aa62cf}</UniqueIdentifier>
    </Filter>
    <Filter Include="소스 파일\인텐시브\2일차">
      <UniqueIdentifier>{6db39ff3-f2ff-48ed-b428-3c729bb2da6e}</UniqueIdentifier>
    </Filter>
    <Filter Include="소스 파일\인텐시브\3일차">
      <UniqueIdentifier>{97c5854a-faee-4462-8396-181322ebac59}</UniqueIdentifier>
    </Filter>
  </ItemGroup>
  <ItemGroup>
    <ClCompile Include="바이러스_2612.cpp">
      <Filter>소스 파일\Hash</Filter>
    </ClCompile>
    <ClCompile Include="구간성분_2918_YSL%28미완성%29.cpp">
      <Filter>소스 파일</Filter>
    </ClCompile>
    <ClCompile Include="바이러스 백신_2612_YSL.cpp">
      <Filter>소스 파일</Filter>
    </ClCompile>
    <ClCompile Include="표절검사1_3252_user.cpp">
      <Filter>소스 파일\Hash</Filter>
    </ClCompile>
    <ClCompile Include="표절검사1_3252_main.cpp">
      <Filter>소스 파일\Hash</Filter>
    </ClCompile>
    <ClCompile Include="jstTest.cpp">
      <Filter>소스 파일\Hash</Filter>
    </ClCompile>
    <ClCompile Include="표절검사2_user.cpp">
      <Filter>소스 파일\Hash</Filter>
    </ClCompile>
    <ClCompile Include="표절검사2_main.cpp">
      <Filter>소스 파일\Hash</Filter>
    </ClCompile>
    <ClCompile Include="설문조사_3144_user.cpp">
      <Filter>소스 파일\Hash</Filter>
    </ClCompile>
    <ClCompile Include="설문조사_3144_main.cpp">
      <Filter>소스 파일\Hash</Filter>
    </ClCompile>
    <ClCompile Include="책꽂이 만들기_1.cpp">
      <Filter>소스 파일\Heap</Filter>
    </ClCompile>
    <ClCompile Include="마법색종이.cpp">
      <Filter>소스 파일\연결리스트</Filter>
    </ClCompile>
    <ClCompile Include="패턴찾기2_user.cpp">
      <Filter>소스 파일\Hash</Filter>
    </ClCompile>
    <ClCompile Include="패턴찾기2_main.cpp">
      <Filter>소스 파일\Hash</Filter>
    </ClCompile>
    <ClCompile Include="패턴찾기_user.cpp">
      <Filter>소스 파일\Hash</Filter>
    </ClCompile>
    <ClCompile Include="패턴찾기_main.cpp">
      <Filter>소스 파일\Hash</Filter>
    </ClCompile>
    <ClCompile Include="농작물관리_main_미제.cpp">
      <Filter>소스 파일\Hash</Filter>
    </ClCompile>
    <ClCompile Include="농작물관리_user_미제.cpp">
      <Filter>소스 파일\Hash</Filter>
    </ClCompile>
    <ClCompile Include="user.cpp">
      <Filter>소스 파일\기출문제\도서관정리_H2106</Filter>
    </ClCompile>
    <ClCompile Include="main.cpp">
      <Filter>소스 파일\기출문제\도서관정리_H2106</Filter>
    </ClCompile>
    <ClCompile Include="패턴찾기_1_user.cpp">
      <Filter>소스 파일\Hash</Filter>
    </ClCompile>
    <ClCompile Include="패턴찾기_1_main.cpp">
      <Filter>소스 파일\Hash</Filter>
    </ClCompile>
    <ClCompile Include="족보만들기_main.cpp">
      <Filter>소스 파일\연결리스트</Filter>
    </ClCompile>
    <ClCompile Include="족보만들기_user.cpp">
      <Filter>소스 파일\연결리스트</Filter>
    </ClCompile>
    <ClCompile Include="족보만들기_YS.cpp">
      <Filter>소스 파일\연결리스트</Filter>
    </ClCompile>
    <ClCompile Include="드래곤볼_user.cpp">
      <Filter>소스 파일\Hash\드래곤볼</Filter>
    </ClCompile>
    <ClCompile Include="드래곤볼_main.cpp">
      <Filter>소스 파일\Hash\드래곤볼</Filter>
    </ClCompile>
    <ClCompile Include="회원 참여도 분석1.cpp">
      <Filter>소스 파일\Heap</Filter>
    </ClCompile>
    <ClCompile Include="회원 참여도 분석2_user.cpp">
      <Filter>소스 파일\Heap</Filter>
    </ClCompile>
    <ClCompile Include="회원 참여도 분석2_main.cpp">
      <Filter>소스 파일\Heap</Filter>
    </ClCompile>
    <ClCompile Include="SSD_main.cpp">
      <Filter>소스 파일\기출문제\스스디</Filter>
    </ClCompile>
    <ClCompile Include="주문형 농산물재배_user.cpp">
      <Filter>소스 파일\연결리스트</Filter>
    </ClCompile>
    <ClCompile Include="주문형 농산물재배_main.cpp">
      <Filter>소스 파일\연결리스트</Filter>
    </ClCompile>
    <ClCompile Include="파티일정관리2%28미완성%29.cpp">
      <Filter>소스 파일\연결리스트</Filter>
    </ClCompile>
    <ClCompile Include="한줄메모장1.cpp">
      <Filter>소스 파일\연결리스트</Filter>
    </ClCompile>
    <ClCompile Include="SSD_user_sample만 맞음.cpp">
      <Filter>소스 파일\기출문제\스스디</Filter>
    </ClCompile>
    <ClCompile Include="파티일정관리2.cpp">
      <Filter>소스 파일\연결리스트</Filter>
    </ClCompile>
    <ClCompile Include="시설찾기_main.cpp">
      <Filter>소스 파일\기출문제\시설 찾기</Filter>
    </ClCompile>
    <ClCompile Include="시설찾기_solution.cpp">
      <Filter>소스 파일\기출문제\시설 찾기</Filter>
    </ClCompile>
    <ClCompile Include="user2.cpp">
      <Filter>소스 파일\기출문제\도서관정리_H2106</Filter>
    </ClCompile>
    <ClCompile Include="와일드카드_main.cpp">
      <Filter>소스 파일\기출문제\와일드카드_H2102</Filter>
    </ClCompile>
    <ClCompile Include="와일드카드_user.cpp">
      <Filter>소스 파일\기출문제\와일드카드_H2102</Filter>
    </ClCompile>
    <ClCompile Include="조각맞추기게임_user.cpp">
      <Filter>소스 파일\기출문제\조각맞추기게임_H2116</Filter>
    </ClCompile>
    <ClCompile Include="조각맞추기게임_main.cpp">
      <Filter>소스 파일\기출문제\조각맞추기게임_H2116</Filter>
    </ClCompile>
    <ClCompile Include="출석체크_user_solution.cpp">
      <Filter>소스 파일\기출문제\출석체크_H2119</Filter>
    </ClCompile>
    <ClCompile Include="출석체크_main.cpp">
      <Filter>소스 파일\기출문제\출석체크_H2119</Filter>
    </ClCompile>
    <ClCompile Include="practice.cpp">
      <Filter>소스 파일\인텐시브\1일차</Filter>
    </ClCompile>
    <ClCompile Include="stack.cpp">
      <Filter>소스 파일\인텐시브\1일차</Filter>
    </ClCompile>
    <ClCompile Include="queue.cpp">
      <Filter>소스 파일\인텐시브\1일차</Filter>
    </ClCompile>
    <ClCompile Include="요세푸스순열_list.cpp">
      <Filter>소스 파일\인텐시브\1일차</Filter>
    </ClCompile>
    <ClCompile Include="키로거.cpp">
      <Filter>소스 파일\인텐시브\1일차</Filter>
    </ClCompile>
    <ClCompile Include="등수찾기.cpp">
      <Filter>소스 파일\인텐시브\1일차</Filter>
    </ClCompile>
    <ClCompile Include="수열과쿼리2_vector.cpp">
      <Filter>소스 파일\인텐시브\1일차</Filter>
    </ClCompile>
    <ClCompile Include="등수찾기_sol.cpp">
      <Filter>소스 파일\인텐시브\1일차</Filter>
    </ClCompile>
    <ClCompile Include="practice2.cpp">
      <Filter>소스 파일\인텐시브\2일차</Filter>
    </ClCompile>
    <ClCompile Include="수열과쿼리2_list.cpp">
      <Filter>소스 파일\인텐시브\1일차</Filter>
    </ClCompile>
    <ClCompile Include="수열과쿼리2_set.cpp">
      <Filter>소스 파일\인텐시브\2일차</Filter>
    </ClCompile>
    <ClCompile Include="요세푸스순열_vector.cpp">
      <Filter>소스 파일\인텐시브\1일차</Filter>
    </ClCompile>
    <ClCompile Include="중앙값_set.cpp">
      <Filter>소스 파일\인텐시브\2일차</Filter>
    </ClCompile>
    <ClCompile Include="중앙값_hq.cpp">
      <Filter>소스 파일\인텐시브\2일차</Filter>
    </ClCompile>
    <ClCompile Include="회원참여도분석1.cpp">
      <Filter>소스 파일\인텐시브\2일차</Filter>
    </ClCompile>
    <ClCompile Include="질의_set.cpp">
      <Filter>소스 파일\인텐시브\2일차</Filter>
    </ClCompile>
    <ClCompile Include="회원참여도분석2_user.cpp">
      <Filter>소스 파일\인텐시브\2일차</Filter>
    </ClCompile>
    <ClCompile Include="회원참여도분석2_main.cpp">
      <Filter>소스 파일\인텐시브\2일차</Filter>
    </ClCompile>
    <ClCompile Include="회원참여도분석1_set2.cpp">
      <Filter>소스 파일\인텐시브\2일차</Filter>
    </ClCompile>
    <ClCompile Include="회원참여도분석2_user_Member1.cpp">
      <Filter>소스 파일\인텐시브\2일차</Filter>
    </ClCompile>
    <ClCompile Include="회원참여도분석2_user_Member2.cpp">
      <Filter>소스 파일\인텐시브\2일차</Filter>
    </ClCompile>
    <ClCompile Include="회원참여도분석2_user_pair.cpp">
      <Filter>소스 파일\인텐시브\2일차</Filter>
    </ClCompile>
    <ClCompile Include="회원참여도분석1_set.cpp">
      <Filter>소스 파일\인텐시브\2일차</Filter>
    </ClCompile>
    <ClCompile Include="질의2.cpp">
      <Filter>소스 파일\인텐시브\2일차</Filter>
    </ClCompile>
    <ClCompile Include="정수넘버링.cpp">
      <Filter>소스 파일\인텐시브\3일차</Filter>
    </ClCompile>
    <ClCompile Include="정수넘버링_list, vector.cpp">
      <Filter>소스 파일\인텐시브\3일차</Filter>
    </ClCompile>
    <ClCompile Include="정수넘버링_unordered.cpp">
      <Filter>소스 파일\인텐시브\3일차</Filter>
    </ClCompile>
    <ClCompile Include="ID검사_연습.cpp">
      <Filter>소스 파일\인텐시브\3일차</Filter>
    </ClCompile>
    <ClCompile Include="문자열넘버링_unordered_map.cpp">
      <Filter>소스 파일\인텐시브\3일차</Filter>
    </ClCompile>
    <ClCompile Include="ID검사_unordered_set.cpp">
      <Filter>소스 파일\인텐시브\3일차</Filter>
    </ClCompile>
    <ClCompile Include="ID검사_unordered_map.cpp">
      <Filter>소스 파일\인텐시브\3일차</Filter>
    </ClCompile>
    <ClCompile Include="합이0_linear_probing.cpp">
      <Filter>소스 파일\인텐시브\3일차</Filter>
    </ClCompile>
    <ClCompile Include="합이0_list, vector.cpp">
      <Filter>소스 파일\인텐시브\3일차</Filter>
    </ClCompile>
    <ClCompile Include="합이0_unordered_map.cpp">
      <Filter>소스 파일\인텐시브\3일차</Filter>
    </ClCompile>
    <ClCompile Include="합이0_user_chaining.cpp">
      <Filter>소스 파일\인텐시브\3일차</Filter>
    </ClCompile>
    <ClCompile Include="MCS.cpp">
      <Filter>소스 파일\인텐시브\3일차</Filter>
    </ClCompile>
    <ClCompile Include="MCS_custom★.cpp">
      <Filter>소스 파일\인텐시브\3일차</Filter>
    </ClCompile>
    <ClCompile Include="MCS_연습.cpp">
      <Filter>소스 파일\인텐시브\3일차</Filter>
    </ClCompile>
    <ClCompile Include="패턴 찾기1_연습.cpp">
      <Filter>소스 파일\인텐시브\3일차</Filter>
    </ClCompile>
    <ClCompile Include="패턴 찾기1_main.cpp">
      <Filter>소스 파일\인텐시브\3일차</Filter>
    </ClCompile>
  </ItemGroup>
  <ItemGroup>
    <Text Include="input.txt">
      <Filter>리소스 파일</Filter>
    </Text>
    <Text Include="output.txt">
      <Filter>리소스 파일</Filter>
    </Text>
    <Text Include="메모!!.txt">
      <Filter>리소스 파일</Filter>
    </Text>
  </ItemGroup>
</Project>